
Microsoft Visual Studio Solution File, Format Version 12.00
# Visual Studio 2013
VisualStudioVersion = 12.0.31101.0
MinimumVisualStudioVersion = 10.0.40219.1
Project("{2150E333-8FDC-42A3-9474-1A3956D46DE8}") = "Solution Items", "Solution Items", "{9494B519-BB7B-49E2-A1B0-B71BF3758E55}"
	ProjectSection(SolutionItems) = preProject
		Planned Namespace.md = Planned Namespace.md
		ToDo.md = ToDo.md
	EndProjectSection
EndProject
Project("{2150E333-8FDC-42A3-9474-1A3956D46DE8}") = "Libraries", "Libraries", "{8F99FE71-F3E2-430A-BDFF-CF3A948AFD71}"
EndProject
Project("{FAE04EC0-301F-11D3-BF4B-00C04F79EFBC}") = "System.Parsing", "System.Parsing\System.Parsing.csproj", "{73C9BC01-BD8A-480F-B38A-8FA70933C36B}"
EndProject
Project("{FAE04EC0-301F-11D3-BF4B-00C04F79EFBC}") = "System.Serialisation", "System.Serialisation\System.Serialisation.csproj", "{21327402-41EF-4BCB-A8F3-360C6B40555F}"
EndProject
Project("{FAE04EC0-301F-11D3-BF4B-00C04F79EFBC}") = "System.Sound", "System.Sound\System.Sound.csproj", "{8FC664DF-CD9E-40C1-8901-B23212C461F1}"
EndProject
Project("{FAE04EC0-301F-11D3-BF4B-00C04F79EFBC}") = "System.Communication", "System.Communication\System.Communication.csproj", "{4358C380-3822-4BF0-BFB7-D2393DCEFECD}"
EndProject
Project("{FAE04EC0-301F-11D3-BF4B-00C04F79EFBC}") = "System.Scripting", "System.Scripting\System.Scripting.csproj", "{136367F1-CE67-4C09-87C5-E1E451762573}"
EndProject
Project("{FAE04EC0-301F-11D3-BF4B-00C04F79EFBC}") = "System.Extensibillity", "System.Extensibillity\System.Extensibillity.csproj", "{8D11CAA5-69E8-4C73-A473-40ABE6859C28}"
EndProject
Project("{FAE04EC0-301F-11D3-BF4B-00C04F79EFBC}") = "System.Statemachine", "System.Statemachine\System.Statemachine.csproj", "{AAF5DD9E-2E73-4BED-99C4-D7A6A86CD83C}"
EndProject
Project("{FAE04EC0-301F-11D3-BF4B-00C04F79EFBC}") = "System.IO.PDF", "System.IO.PDF\System.IO.PDF.csproj", "{551BC3FC-EE27-4998-A26C-9FA5831E1DB9}"
EndProject
Project("{FAE04EC0-301F-11D3-BF4B-00C04F79EFBC}") = "System.Runtime.Dynamic", "System.Runtime.Dynamic\System.Runtime.Dynamic.csproj", "{46D14B46-416A-458A-A7F3-5FEDE47FBBCD}"
EndProject
Project("{FAE04EC0-301F-11D3-BF4B-00C04F79EFBC}") = "System.Localisation", "System.Localisation\System.Localisation.csproj", "{322E6090-A883-40EF-B689-92A512ADB98F}"
EndProject
Project("{FAE04EC0-301F-11D3-BF4B-00C04F79EFBC}") = "System.Data.Access", "System.Data.Access\System.Data.Access.csproj", "{00AF7923-258C-456A-B522-083C691B47FB}"
EndProject
Project("{FAE04EC0-301F-11D3-BF4B-00C04F79EFBC}") = "System.Computer", "System.OS\System.Computer.csproj", "{C3BD67CF-1BEA-4499-B0C8-BDCFC694EEC3}"
EndProject
Project("{FAE04EC0-301F-11D3-BF4B-00C04F79EFBC}") = "System.Database", "System.Database\System.Database.csproj", "{5656EC3F-6428-4BA1-8184-F61E3942A489}"
EndProject
Project("{FAE04EC0-301F-11D3-BF4B-00C04F79EFBC}") = "System.Parsers", "System.Parsers\System.Parsers.csproj", "{5494B069-1356-405F-8E41-03F32BC3F467}"
EndProject
Project("{FAE04EC0-301F-11D3-BF4B-00C04F79EFBC}") = "System.IO.Extended", "System.IO.Extended\System.IO.Extended.csproj", "{9BDF80B5-2BE3-4D60-85A6-BC4F4EA105EF}"
EndProject
Project("{FAE04EC0-301F-11D3-BF4B-00C04F79EFBC}") = "System.Contracts", "System.Contracts\System.Contracts.csproj", "{5A72EA1C-80FF-46AF-AF7C-38AE45490B5D}"
EndProject
Project("{FAE04EC0-301F-11D3-BF4B-00C04F79EFBC}") = "System.Extensions", "System.Extensions\System.Extensions.csproj", "{EB4F3A3B-60C6-4AF1-B1A6-1A3AF337C57F}"
EndProject
Project("{FAE04EC0-301F-11D3-BF4B-00C04F79EFBC}") = "System.Network", "System.Network\System.Network.csproj", "{A324E6B1-F000-424B-AB30-249DAD30AC64}"
EndProject
Project("{FAE04EC0-301F-11D3-BF4B-00C04F79EFBC}") = "UpdateNotifire", "UpdateNotifire\UpdateNotifire.csproj", "{29FE1B9F-A1BF-4D22-80EB-8B2F3D34F6D3}"
EndProject
Project("{FAE04EC0-301F-11D3-BF4B-00C04F79EFBC}") = "System.Net.Torrent", "System.Net.Torrent\System.Net.Torrent.csproj", "{41911A2D-7A4F-4A67-BAA5-1955B446DC58}"
EndProject
Project("{FAE04EC0-301F-11D3-BF4B-00C04F79EFBC}") = "System.Drawing.PSD", "System.Drawing.PSD\System.Drawing.PSD.csproj", "{DA014A00-3418-4073-BAB0-8CE95365C578}"
EndProject
Project("{FAE04EC0-301F-11D3-BF4B-00C04F79EFBC}") = "System.Net.Ftp", "System.Net.FTP\System.Net.Ftp.csproj", "{C6E5FD1B-37F7-4B71-B696-4FDF848B07ED}"
EndProject
Project("{FAE04EC0-301F-11D3-BF4B-00C04F79EFBC}") = "System.Net.Webdav", "System.Net.Webdav\System.Net.Webdav.csproj", "{A22BF504-5DC9-47F2-8336-96EBE32C3C6F}"
EndProject
Project("{2150E333-8FDC-42A3-9474-1A3956D46DE8}") = "System.Net", "System.Net", "{2C27F5A3-444D-479E-B36A-462FC8C0C5AB}"
EndProject
Project("{FAE04EC0-301F-11D3-BF4B-00C04F79EFBC}") = "System.Net.Smtp", "System.Net.Smtp\System.Net.Smtp.csproj", "{A7DF42BE-9DC7-4DEA-AF67-7E6AB40E26DA}"
EndProject
Project("{FAE04EC0-301F-11D3-BF4B-00C04F79EFBC}") = "System.IO.VFilesystem", "System.IO.VFilesystem\System.IO.VFilesystem.csproj", "{15EDB542-CEE1-4B8B-9B12-1FDBA5DE85E9}"
EndProject
Project("{FAE04EC0-301F-11D3-BF4B-00C04F79EFBC}") = "System.Net.Telnet", "System.Net.Telnet\System.Net.Telnet.csproj", "{DD984F75-FE9A-412D-B6D3-8CB2AF028219}"
EndProject
Project("{FAE04EC0-301F-11D3-BF4B-00C04F79EFBC}") = "System.Serial", "System.Serial\System.Serial.csproj", "{DA2EDE42-CD1F-4B40-9F92-524A25557FEB}"
EndProject
Project("{FAE04EC0-301F-11D3-BF4B-00C04F79EFBC}") = "System.DrawingEx", "System.DrawingEx\System.DrawingEx.csproj", "{BE173414-D04B-4737-918E-8269604BDB2D}"
EndProject
Project("{FAE04EC0-301F-11D3-BF4B-00C04F79EFBC}") = "SamplesBrowser", "SamplesBrowser\SamplesBrowser.csproj", "{D98F10C3-50EA-4CFD-A8DC-7A6A7CBC93BA}"
EndProject
Project("{2150E333-8FDC-42A3-9474-1A3956D46DE8}") = "System.WPF", "System.WPF", "{C0853BFF-75F4-4A04-BF59-61F0F7C68A57}"
EndProject
Project("{FAE04EC0-301F-11D3-BF4B-00C04F79EFBC}") = "System.Wpf.Mvvm", "System.Wpf.Mvvm\System.Wpf.Mvvm.csproj", "{807D9363-EEF4-4D3C-9F56-66CC210680D9}"
EndProject
Project("{2150E333-8FDC-42A3-9474-1A3956D46DE8}") = "Samples", "Samples", "{CE4470FC-482E-46FD-9993-50B8783C314F}"
EndProject
Project("{FAE04EC0-301F-11D3-BF4B-00C04F79EFBC}") = "MvvmTest", "MvvmTest\MvvmTest.csproj", "{076B2720-8408-4CAB-8DA5-A96159572E80}"
EndProject
Project("{FAE04EC0-301F-11D3-BF4B-00C04F79EFBC}") = "System.Wpf.MarkupExtensions", "System.Wpf.MarkupExtensions\System.Wpf.MarkupExtensions.csproj", "{703F1C01-50D4-4CE8-9174-EBA78237D9C5}"
EndProject
Project("{FAE04EC0-301F-11D3-BF4B-00C04F79EFBC}") = "System.Wpf.Adorners", "System.Wpf.Adorners\System.Wpf.Adorners.csproj", "{658AED78-BF1F-4FCF-B1C8-3B40ECD768AF}"
EndProject
Global
	GlobalSection(SolutionConfigurationPlatforms) = preSolution
		Debug|Any CPU = Debug|Any CPU
		Release|Any CPU = Release|Any CPU
	EndGlobalSection
	GlobalSection(ProjectConfigurationPlatforms) = postSolution
		{73C9BC01-BD8A-480F-B38A-8FA70933C36B}.Debug|Any CPU.ActiveCfg = Debug|Any CPU
		{73C9BC01-BD8A-480F-B38A-8FA70933C36B}.Debug|Any CPU.Build.0 = Debug|Any CPU
		{73C9BC01-BD8A-480F-B38A-8FA70933C36B}.Release|Any CPU.ActiveCfg = Release|Any CPU
		{73C9BC01-BD8A-480F-B38A-8FA70933C36B}.Release|Any CPU.Build.0 = Release|Any CPU
		{21327402-41EF-4BCB-A8F3-360C6B40555F}.Debug|Any CPU.ActiveCfg = Debug|Any CPU
		{21327402-41EF-4BCB-A8F3-360C6B40555F}.Debug|Any CPU.Build.0 = Debug|Any CPU
		{21327402-41EF-4BCB-A8F3-360C6B40555F}.Release|Any CPU.ActiveCfg = Release|Any CPU
		{21327402-41EF-4BCB-A8F3-360C6B40555F}.Release|Any CPU.Build.0 = Release|Any CPU
		{8FC664DF-CD9E-40C1-8901-B23212C461F1}.Debug|Any CPU.ActiveCfg = Debug|Any CPU
		{8FC664DF-CD9E-40C1-8901-B23212C461F1}.Debug|Any CPU.Build.0 = Debug|Any CPU
		{8FC664DF-CD9E-40C1-8901-B23212C461F1}.Release|Any CPU.ActiveCfg = Release|Any CPU
		{8FC664DF-CD9E-40C1-8901-B23212C461F1}.Release|Any CPU.Build.0 = Release|Any CPU
		{4358C380-3822-4BF0-BFB7-D2393DCEFECD}.Debug|Any CPU.ActiveCfg = Debug|Any CPU
		{4358C380-3822-4BF0-BFB7-D2393DCEFECD}.Debug|Any CPU.Build.0 = Debug|Any CPU
		{4358C380-3822-4BF0-BFB7-D2393DCEFECD}.Release|Any CPU.ActiveCfg = Release|Any CPU
		{4358C380-3822-4BF0-BFB7-D2393DCEFECD}.Release|Any CPU.Build.0 = Release|Any CPU
		{136367F1-CE67-4C09-87C5-E1E451762573}.Debug|Any CPU.ActiveCfg = Debug|Any CPU
		{136367F1-CE67-4C09-87C5-E1E451762573}.Debug|Any CPU.Build.0 = Debug|Any CPU
		{136367F1-CE67-4C09-87C5-E1E451762573}.Release|Any CPU.ActiveCfg = Release|Any CPU
		{136367F1-CE67-4C09-87C5-E1E451762573}.Release|Any CPU.Build.0 = Release|Any CPU
		{8D11CAA5-69E8-4C73-A473-40ABE6859C28}.Debug|Any CPU.ActiveCfg = Debug|Any CPU
		{8D11CAA5-69E8-4C73-A473-40ABE6859C28}.Debug|Any CPU.Build.0 = Debug|Any CPU
		{8D11CAA5-69E8-4C73-A473-40ABE6859C28}.Release|Any CPU.ActiveCfg = Release|Any CPU
		{8D11CAA5-69E8-4C73-A473-40ABE6859C28}.Release|Any CPU.Build.0 = Release|Any CPU
		{AAF5DD9E-2E73-4BED-99C4-D7A6A86CD83C}.Debug|Any CPU.ActiveCfg = Debug|Any CPU
		{AAF5DD9E-2E73-4BED-99C4-D7A6A86CD83C}.Debug|Any CPU.Build.0 = Debug|Any CPU
		{AAF5DD9E-2E73-4BED-99C4-D7A6A86CD83C}.Release|Any CPU.ActiveCfg = Release|Any CPU
		{AAF5DD9E-2E73-4BED-99C4-D7A6A86CD83C}.Release|Any CPU.Build.0 = Release|Any CPU
		{551BC3FC-EE27-4998-A26C-9FA5831E1DB9}.Debug|Any CPU.ActiveCfg = Debug|Any CPU
		{551BC3FC-EE27-4998-A26C-9FA5831E1DB9}.Debug|Any CPU.Build.0 = Debug|Any CPU
		{551BC3FC-EE27-4998-A26C-9FA5831E1DB9}.Release|Any CPU.ActiveCfg = Release|Any CPU
		{551BC3FC-EE27-4998-A26C-9FA5831E1DB9}.Release|Any CPU.Build.0 = Release|Any CPU
		{46D14B46-416A-458A-A7F3-5FEDE47FBBCD}.Debug|Any CPU.ActiveCfg = Debug|Any CPU
		{46D14B46-416A-458A-A7F3-5FEDE47FBBCD}.Debug|Any CPU.Build.0 = Debug|Any CPU
		{46D14B46-416A-458A-A7F3-5FEDE47FBBCD}.Release|Any CPU.ActiveCfg = Release|Any CPU
		{46D14B46-416A-458A-A7F3-5FEDE47FBBCD}.Release|Any CPU.Build.0 = Release|Any CPU
		{322E6090-A883-40EF-B689-92A512ADB98F}.Debug|Any CPU.ActiveCfg = Debug|Any CPU
		{322E6090-A883-40EF-B689-92A512ADB98F}.Debug|Any CPU.Build.0 = Debug|Any CPU
		{322E6090-A883-40EF-B689-92A512ADB98F}.Release|Any CPU.ActiveCfg = Release|Any CPU
		{322E6090-A883-40EF-B689-92A512ADB98F}.Release|Any CPU.Build.0 = Release|Any CPU
		{00AF7923-258C-456A-B522-083C691B47FB}.Debug|Any CPU.ActiveCfg = Debug|Any CPU
		{00AF7923-258C-456A-B522-083C691B47FB}.Debug|Any CPU.Build.0 = Debug|Any CPU
		{00AF7923-258C-456A-B522-083C691B47FB}.Release|Any CPU.ActiveCfg = Release|Any CPU
		{00AF7923-258C-456A-B522-083C691B47FB}.Release|Any CPU.Build.0 = Release|Any CPU
		{C3BD67CF-1BEA-4499-B0C8-BDCFC694EEC3}.Debug|Any CPU.ActiveCfg = Debug|Any CPU
		{C3BD67CF-1BEA-4499-B0C8-BDCFC694EEC3}.Debug|Any CPU.Build.0 = Debug|Any CPU
		{C3BD67CF-1BEA-4499-B0C8-BDCFC694EEC3}.Release|Any CPU.ActiveCfg = Release|Any CPU
		{C3BD67CF-1BEA-4499-B0C8-BDCFC694EEC3}.Release|Any CPU.Build.0 = Release|Any CPU
		{5656EC3F-6428-4BA1-8184-F61E3942A489}.Debug|Any CPU.ActiveCfg = Debug|Any CPU
		{5656EC3F-6428-4BA1-8184-F61E3942A489}.Debug|Any CPU.Build.0 = Debug|Any CPU
		{5656EC3F-6428-4BA1-8184-F61E3942A489}.Release|Any CPU.ActiveCfg = Release|Any CPU
		{5656EC3F-6428-4BA1-8184-F61E3942A489}.Release|Any CPU.Build.0 = Release|Any CPU
		{5494B069-1356-405F-8E41-03F32BC3F467}.Debug|Any CPU.ActiveCfg = Debug|Any CPU
		{5494B069-1356-405F-8E41-03F32BC3F467}.Debug|Any CPU.Build.0 = Debug|Any CPU
		{5494B069-1356-405F-8E41-03F32BC3F467}.Release|Any CPU.ActiveCfg = Release|Any CPU
		{5494B069-1356-405F-8E41-03F32BC3F467}.Release|Any CPU.Build.0 = Release|Any CPU
		{9BDF80B5-2BE3-4D60-85A6-BC4F4EA105EF}.Debug|Any CPU.ActiveCfg = Debug|Any CPU
		{9BDF80B5-2BE3-4D60-85A6-BC4F4EA105EF}.Debug|Any CPU.Build.0 = Debug|Any CPU
		{9BDF80B5-2BE3-4D60-85A6-BC4F4EA105EF}.Release|Any CPU.ActiveCfg = Release|Any CPU
		{9BDF80B5-2BE3-4D60-85A6-BC4F4EA105EF}.Release|Any CPU.Build.0 = Release|Any CPU
		{5A72EA1C-80FF-46AF-AF7C-38AE45490B5D}.Debug|Any CPU.ActiveCfg = Debug|Any CPU
		{5A72EA1C-80FF-46AF-AF7C-38AE45490B5D}.Debug|Any CPU.Build.0 = Debug|Any CPU
		{5A72EA1C-80FF-46AF-AF7C-38AE45490B5D}.Release|Any CPU.ActiveCfg = Release|Any CPU
		{5A72EA1C-80FF-46AF-AF7C-38AE45490B5D}.Release|Any CPU.Build.0 = Release|Any CPU
		{EB4F3A3B-60C6-4AF1-B1A6-1A3AF337C57F}.Debug|Any CPU.ActiveCfg = Debug|Any CPU
		{EB4F3A3B-60C6-4AF1-B1A6-1A3AF337C57F}.Debug|Any CPU.Build.0 = Debug|Any CPU
		{EB4F3A3B-60C6-4AF1-B1A6-1A3AF337C57F}.Release|Any CPU.ActiveCfg = Release|Any CPU
		{EB4F3A3B-60C6-4AF1-B1A6-1A3AF337C57F}.Release|Any CPU.Build.0 = Release|Any CPU
		{A324E6B1-F000-424B-AB30-249DAD30AC64}.Debug|Any CPU.ActiveCfg = Debug|Any CPU
		{A324E6B1-F000-424B-AB30-249DAD30AC64}.Debug|Any CPU.Build.0 = Debug|Any CPU
		{A324E6B1-F000-424B-AB30-249DAD30AC64}.Release|Any CPU.ActiveCfg = Release|Any CPU
		{A324E6B1-F000-424B-AB30-249DAD30AC64}.Release|Any CPU.Build.0 = Release|Any CPU
		{29FE1B9F-A1BF-4D22-80EB-8B2F3D34F6D3}.Debug|Any CPU.ActiveCfg = Debug|Any CPU
		{29FE1B9F-A1BF-4D22-80EB-8B2F3D34F6D3}.Debug|Any CPU.Build.0 = Debug|Any CPU
		{29FE1B9F-A1BF-4D22-80EB-8B2F3D34F6D3}.Release|Any CPU.ActiveCfg = Release|Any CPU
		{29FE1B9F-A1BF-4D22-80EB-8B2F3D34F6D3}.Release|Any CPU.Build.0 = Release|Any CPU
		{41911A2D-7A4F-4A67-BAA5-1955B446DC58}.Debug|Any CPU.ActiveCfg = Debug|Any CPU
		{41911A2D-7A4F-4A67-BAA5-1955B446DC58}.Debug|Any CPU.Build.0 = Debug|Any CPU
		{41911A2D-7A4F-4A67-BAA5-1955B446DC58}.Release|Any CPU.ActiveCfg = Release|Any CPU
		{41911A2D-7A4F-4A67-BAA5-1955B446DC58}.Release|Any CPU.Build.0 = Release|Any CPU
		{DA014A00-3418-4073-BAB0-8CE95365C578}.Debug|Any CPU.ActiveCfg = Debug|Any CPU
		{DA014A00-3418-4073-BAB0-8CE95365C578}.Debug|Any CPU.Build.0 = Debug|Any CPU
		{DA014A00-3418-4073-BAB0-8CE95365C578}.Release|Any CPU.ActiveCfg = Release|Any CPU
		{DA014A00-3418-4073-BAB0-8CE95365C578}.Release|Any CPU.Build.0 = Release|Any CPU
		{C6E5FD1B-37F7-4B71-B696-4FDF848B07ED}.Debug|Any CPU.ActiveCfg = Debug|Any CPU
		{C6E5FD1B-37F7-4B71-B696-4FDF848B07ED}.Debug|Any CPU.Build.0 = Debug|Any CPU
		{C6E5FD1B-37F7-4B71-B696-4FDF848B07ED}.Release|Any CPU.ActiveCfg = Release|Any CPU
		{C6E5FD1B-37F7-4B71-B696-4FDF848B07ED}.Release|Any CPU.Build.0 = Release|Any CPU
		{A22BF504-5DC9-47F2-8336-96EBE32C3C6F}.Debug|Any CPU.ActiveCfg = Debug|Any CPU
		{A22BF504-5DC9-47F2-8336-96EBE32C3C6F}.Debug|Any CPU.Build.0 = Debug|Any CPU
		{A22BF504-5DC9-47F2-8336-96EBE32C3C6F}.Release|Any CPU.ActiveCfg = Release|Any CPU
		{A22BF504-5DC9-47F2-8336-96EBE32C3C6F}.Release|Any CPU.Build.0 = Release|Any CPU
		{A7DF42BE-9DC7-4DEA-AF67-7E6AB40E26DA}.Debug|Any CPU.ActiveCfg = Debug|Any CPU
		{A7DF42BE-9DC7-4DEA-AF67-7E6AB40E26DA}.Debug|Any CPU.Build.0 = Debug|Any CPU
		{A7DF42BE-9DC7-4DEA-AF67-7E6AB40E26DA}.Release|Any CPU.ActiveCfg = Release|Any CPU
		{A7DF42BE-9DC7-4DEA-AF67-7E6AB40E26DA}.Release|Any CPU.Build.0 = Release|Any CPU
		{15EDB542-CEE1-4B8B-9B12-1FDBA5DE85E9}.Debug|Any CPU.ActiveCfg = Debug|Any CPU
		{15EDB542-CEE1-4B8B-9B12-1FDBA5DE85E9}.Debug|Any CPU.Build.0 = Debug|Any CPU
		{15EDB542-CEE1-4B8B-9B12-1FDBA5DE85E9}.Release|Any CPU.ActiveCfg = Release|Any CPU
		{15EDB542-CEE1-4B8B-9B12-1FDBA5DE85E9}.Release|Any CPU.Build.0 = Release|Any CPU
		{DD984F75-FE9A-412D-B6D3-8CB2AF028219}.Debug|Any CPU.ActiveCfg = Debug|Any CPU
		{DD984F75-FE9A-412D-B6D3-8CB2AF028219}.Debug|Any CPU.Build.0 = Debug|Any CPU
		{DD984F75-FE9A-412D-B6D3-8CB2AF028219}.Release|Any CPU.ActiveCfg = Release|Any CPU
		{DD984F75-FE9A-412D-B6D3-8CB2AF028219}.Release|Any CPU.Build.0 = Release|Any CPU
		{DA2EDE42-CD1F-4B40-9F92-524A25557FEB}.Debug|Any CPU.ActiveCfg = Debug|Any CPU
		{DA2EDE42-CD1F-4B40-9F92-524A25557FEB}.Debug|Any CPU.Build.0 = Debug|Any CPU
		{DA2EDE42-CD1F-4B40-9F92-524A25557FEB}.Release|Any CPU.ActiveCfg = Release|Any CPU
		{DA2EDE42-CD1F-4B40-9F92-524A25557FEB}.Release|Any CPU.Build.0 = Release|Any CPU
		{BE173414-D04B-4737-918E-8269604BDB2D}.Debug|Any CPU.ActiveCfg = Debug|Any CPU
		{BE173414-D04B-4737-918E-8269604BDB2D}.Debug|Any CPU.Build.0 = Debug|Any CPU
		{BE173414-D04B-4737-918E-8269604BDB2D}.Release|Any CPU.ActiveCfg = Release|Any CPU
		{BE173414-D04B-4737-918E-8269604BDB2D}.Release|Any CPU.Build.0 = Release|Any CPU
		{D98F10C3-50EA-4CFD-A8DC-7A6A7CBC93BA}.Debug|Any CPU.ActiveCfg = Debug|Any CPU
		{D98F10C3-50EA-4CFD-A8DC-7A6A7CBC93BA}.Debug|Any CPU.Build.0 = Debug|Any CPU
		{D98F10C3-50EA-4CFD-A8DC-7A6A7CBC93BA}.Release|Any CPU.ActiveCfg = Release|Any CPU
		{D98F10C3-50EA-4CFD-A8DC-7A6A7CBC93BA}.Release|Any CPU.Build.0 = Release|Any CPU
		{807D9363-EEF4-4D3C-9F56-66CC210680D9}.Debug|Any CPU.ActiveCfg = Debug|Any CPU
		{807D9363-EEF4-4D3C-9F56-66CC210680D9}.Debug|Any CPU.Build.0 = Debug|Any CPU
		{807D9363-EEF4-4D3C-9F56-66CC210680D9}.Release|Any CPU.ActiveCfg = Release|Any CPU
		{807D9363-EEF4-4D3C-9F56-66CC210680D9}.Release|Any CPU.Build.0 = Release|Any CPU
		{076B2720-8408-4CAB-8DA5-A96159572E80}.Debug|Any CPU.ActiveCfg = Debug|Any CPU
		{076B2720-8408-4CAB-8DA5-A96159572E80}.Debug|Any CPU.Build.0 = Debug|Any CPU
		{076B2720-8408-4CAB-8DA5-A96159572E80}.Release|Any CPU.ActiveCfg = Release|Any CPU
		{076B2720-8408-4CAB-8DA5-A96159572E80}.Release|Any CPU.Build.0 = Release|Any CPU
		{703F1C01-50D4-4CE8-9174-EBA78237D9C5}.Debug|Any CPU.ActiveCfg = Debug|Any CPU
		{703F1C01-50D4-4CE8-9174-EBA78237D9C5}.Debug|Any CPU.Build.0 = Debug|Any CPU
		{703F1C01-50D4-4CE8-9174-EBA78237D9C5}.Release|Any CPU.ActiveCfg = Release|Any CPU
		{703F1C01-50D4-4CE8-9174-EBA78237D9C5}.Release|Any CPU.Build.0 = Release|Any CPU
		{658AED78-BF1F-4FCF-B1C8-3B40ECD768AF}.Debug|Any CPU.ActiveCfg = Debug|Any CPU
		{658AED78-BF1F-4FCF-B1C8-3B40ECD768AF}.Debug|Any CPU.Build.0 = Debug|Any CPU
		{658AED78-BF1F-4FCF-B1C8-3B40ECD768AF}.Release|Any CPU.ActiveCfg = Release|Any CPU
		{658AED78-BF1F-4FCF-B1C8-3B40ECD768AF}.Release|Any CPU.Build.0 = Release|Any CPU
	EndGlobalSection
	GlobalSection(SolutionProperties) = preSolution
		HideSolutionNode = FALSE
	EndGlobalSection
	GlobalSection(NestedProjects) = preSolution
		{73C9BC01-BD8A-480F-B38A-8FA70933C36B} = {8F99FE71-F3E2-430A-BDFF-CF3A948AFD71}
		{21327402-41EF-4BCB-A8F3-360C6B40555F} = {8F99FE71-F3E2-430A-BDFF-CF3A948AFD71}
		{8FC664DF-CD9E-40C1-8901-B23212C461F1} = {8F99FE71-F3E2-430A-BDFF-CF3A948AFD71}
		{4358C380-3822-4BF0-BFB7-D2393DCEFECD} = {2C27F5A3-444D-479E-B36A-462FC8C0C5AB}
		{136367F1-CE67-4C09-87C5-E1E451762573} = {8F99FE71-F3E2-430A-BDFF-CF3A948AFD71}
		{8D11CAA5-69E8-4C73-A473-40ABE6859C28} = {8F99FE71-F3E2-430A-BDFF-CF3A948AFD71}
		{AAF5DD9E-2E73-4BED-99C4-D7A6A86CD83C} = {8F99FE71-F3E2-430A-BDFF-CF3A948AFD71}
		{551BC3FC-EE27-4998-A26C-9FA5831E1DB9} = {8F99FE71-F3E2-430A-BDFF-CF3A948AFD71}
		{46D14B46-416A-458A-A7F3-5FEDE47FBBCD} = {8F99FE71-F3E2-430A-BDFF-CF3A948AFD71}
		{322E6090-A883-40EF-B689-92A512ADB98F} = {8F99FE71-F3E2-430A-BDFF-CF3A948AFD71}
		{00AF7923-258C-456A-B522-083C691B47FB} = {8F99FE71-F3E2-430A-BDFF-CF3A948AFD71}
		{C3BD67CF-1BEA-4499-B0C8-BDCFC694EEC3} = {8F99FE71-F3E2-430A-BDFF-CF3A948AFD71}
		{5656EC3F-6428-4BA1-8184-F61E3942A489} = {8F99FE71-F3E2-430A-BDFF-CF3A948AFD71}
		{5494B069-1356-405F-8E41-03F32BC3F467} = {8F99FE71-F3E2-430A-BDFF-CF3A948AFD71}
		{9BDF80B5-2BE3-4D60-85A6-BC4F4EA105EF} = {8F99FE71-F3E2-430A-BDFF-CF3A948AFD71}
		{5A72EA1C-80FF-46AF-AF7C-38AE45490B5D} = {8F99FE71-F3E2-430A-BDFF-CF3A948AFD71}
		{EB4F3A3B-60C6-4AF1-B1A6-1A3AF337C57F} = {8F99FE71-F3E2-430A-BDFF-CF3A948AFD71}
		{A324E6B1-F000-424B-AB30-249DAD30AC64} = {2C27F5A3-444D-479E-B36A-462FC8C0C5AB}
		{41911A2D-7A4F-4A67-BAA5-1955B446DC58} = {2C27F5A3-444D-479E-B36A-462FC8C0C5AB}
		{DA014A00-3418-4073-BAB0-8CE95365C578} = {8F99FE71-F3E2-430A-BDFF-CF3A948AFD71}
		{C6E5FD1B-37F7-4B71-B696-4FDF848B07ED} = {2C27F5A3-444D-479E-B36A-462FC8C0C5AB}
		{A22BF504-5DC9-47F2-8336-96EBE32C3C6F} = {2C27F5A3-444D-479E-B36A-462FC8C0C5AB}
		{2C27F5A3-444D-479E-B36A-462FC8C0C5AB} = {8F99FE71-F3E2-430A-BDFF-CF3A948AFD71}
		{A7DF42BE-9DC7-4DEA-AF67-7E6AB40E26DA} = {2C27F5A3-444D-479E-B36A-462FC8C0C5AB}
		{15EDB542-CEE1-4B8B-9B12-1FDBA5DE85E9} = {8F99FE71-F3E2-430A-BDFF-CF3A948AFD71}
		{DD984F75-FE9A-412D-B6D3-8CB2AF028219} = {2C27F5A3-444D-479E-B36A-462FC8C0C5AB}
		{DA2EDE42-CD1F-4B40-9F92-524A25557FEB} = {8F99FE71-F3E2-430A-BDFF-CF3A948AFD71}
		{BE173414-D04B-4737-918E-8269604BDB2D} = {8F99FE71-F3E2-430A-BDFF-CF3A948AFD71}
		{C0853BFF-75F4-4A04-BF59-61F0F7C68A57} = {8F99FE71-F3E2-430A-BDFF-CF3A948AFD71}
		{807D9363-EEF4-4D3C-9F56-66CC210680D9} = {C0853BFF-75F4-4A04-BF59-61F0F7C68A57}
		{076B2720-8408-4CAB-8DA5-A96159572E80} = {CE4470FC-482E-46FD-9993-50B8783C314F}
		{703F1C01-50D4-4CE8-9174-EBA78237D9C5} = {C0853BFF-75F4-4A04-BF59-61F0F7C68A57}
		{658AED78-BF1F-4FCF-B1C8-3B40ECD768AF} = {C0853BFF-75F4-4A04-BF59-61F0F7C68A57}
	EndGlobalSection
EndGlobal
