
Microsoft Visual Studio Solution File, Format Version 12.00
# Visual Studio 2013
VisualStudioVersion = 12.0.31101.0
MinimumVisualStudioVersion = 10.0.40219.1
Project("{2150E333-8FDC-42A3-9474-1A3956D46DE8}") = "Solution Items", "Solution Items", "{9494B519-BB7B-49E2-A1B0-B71BF3758E55}"
	ProjectSection(SolutionItems) = preProject
		Planned Namespace.md = Planned Namespace.md
	EndProjectSection
EndProject
Project("{2150E333-8FDC-42A3-9474-1A3956D46DE8}") = "Libraries", "Libraries", "{8F99FE71-F3E2-430A-BDFF-CF3A948AFD71}"
EndProject
Project("{54435603-DBB4-11D2-8724-00A0C9A8B90C}") = "eStdSetup", "eStdSetup\eStdSetup.vdproj", "{AE84ED09-03CE-4C2F-9265-933E19064D4B}"
EndProject
Project("{FAE04EC0-301F-11D3-BF4B-00C04F79EFBC}") = "System.Parsing", "System.Parsing\System.Parsing.csproj", "{73C9BC01-BD8A-480F-B38A-8FA70933C36B}"
EndProject
Project("{FAE04EC0-301F-11D3-BF4B-00C04F79EFBC}") = "System.Compression", "System.Compression\System.Compression.csproj", "{580E416A-1ABC-4A63-8D30-79B5E202CE7F}"
EndProject
Project("{FAE04EC0-301F-11D3-BF4B-00C04F79EFBC}") = "System.Serialisation", "System.Serialisation\System.Serialisation.csproj", "{21327402-41EF-4BCB-A8F3-360C6B40555F}"
EndProject
Project("{FAE04EC0-301F-11D3-BF4B-00C04F79EFBC}") = "System.Sound", "System.Sound\System.Sound.csproj", "{8FC664DF-CD9E-40C1-8901-B23212C461F1}"
EndProject
Project("{FAE04EC0-301F-11D3-BF4B-00C04F79EFBC}") = "System.Communication", "System.Communication\System.Communication.csproj", "{4358C380-3822-4BF0-BFB7-D2393DCEFECD}"
EndProject
Project("{FAE04EC0-301F-11D3-BF4B-00C04F79EFBC}") = "System.Scripting", "System.Scripting\System.Scripting.csproj", "{136367F1-CE67-4C09-87C5-E1E451762573}"
EndProject
Project("{FAE04EC0-301F-11D3-BF4B-00C04F79EFBC}") = "System.Extensibillity", "System.Extensibillity\System.Extensibillity.csproj", "{8D11CAA5-69E8-4C73-A473-40ABE6859C28}"
EndProject
Project("{FAE04EC0-301F-11D3-BF4B-00C04F79EFBC}") = "System.Statemachine", "System.Statemachine\System.Statemachine.csproj", "{AAF5DD9E-2E73-4BED-99C4-D7A6A86CD83C}"
EndProject
Project("{FAE04EC0-301F-11D3-BF4B-00C04F79EFBC}") = "System.IO.PDF", "System.IO.PDF\System.IO.PDF.csproj", "{551BC3FC-EE27-4998-A26C-9FA5831E1DB9}"
EndProject
Project("{FAE04EC0-301F-11D3-BF4B-00C04F79EFBC}") = "System.Runtime.Dynamic", "System.Runtime.Dynamic\System.Runtime.Dynamic.csproj", "{46D14B46-416A-458A-A7F3-5FEDE47FBBCD}"
EndProject
Project("{FAE04EC0-301F-11D3-BF4B-00C04F79EFBC}") = "System.Localisation", "System.Localisation\System.Localisation.csproj", "{322E6090-A883-40EF-B689-92A512ADB98F}"
EndProject
Global
	GlobalSection(SolutionConfigurationPlatforms) = preSolution
		Debug|Any CPU = Debug|Any CPU
		Release|Any CPU = Release|Any CPU
	EndGlobalSection
	GlobalSection(ProjectConfigurationPlatforms) = postSolution
		{AE84ED09-03CE-4C2F-9265-933E19064D4B}.Debug|Any CPU.ActiveCfg = Debug
		{AE84ED09-03CE-4C2F-9265-933E19064D4B}.Debug|Any CPU.Build.0 = Debug
		{AE84ED09-03CE-4C2F-9265-933E19064D4B}.Release|Any CPU.ActiveCfg = Release
		{AE84ED09-03CE-4C2F-9265-933E19064D4B}.Release|Any CPU.Build.0 = Release
		{73C9BC01-BD8A-480F-B38A-8FA70933C36B}.Debug|Any CPU.ActiveCfg = Debug|Any CPU
		{73C9BC01-BD8A-480F-B38A-8FA70933C36B}.Debug|Any CPU.Build.0 = Debug|Any CPU
		{73C9BC01-BD8A-480F-B38A-8FA70933C36B}.Release|Any CPU.ActiveCfg = Release|Any CPU
		{73C9BC01-BD8A-480F-B38A-8FA70933C36B}.Release|Any CPU.Build.0 = Release|Any CPU
		{580E416A-1ABC-4A63-8D30-79B5E202CE7F}.Debug|Any CPU.ActiveCfg = Debug|Any CPU
		{580E416A-1ABC-4A63-8D30-79B5E202CE7F}.Debug|Any CPU.Build.0 = Debug|Any CPU
		{580E416A-1ABC-4A63-8D30-79B5E202CE7F}.Release|Any CPU.ActiveCfg = Release|Any CPU
		{580E416A-1ABC-4A63-8D30-79B5E202CE7F}.Release|Any CPU.Build.0 = Release|Any CPU
		{21327402-41EF-4BCB-A8F3-360C6B40555F}.Debug|Any CPU.ActiveCfg = Debug|Any CPU
		{21327402-41EF-4BCB-A8F3-360C6B40555F}.Debug|Any CPU.Build.0 = Debug|Any CPU
		{21327402-41EF-4BCB-A8F3-360C6B40555F}.Release|Any CPU.ActiveCfg = Release|Any CPU
		{21327402-41EF-4BCB-A8F3-360C6B40555F}.Release|Any CPU.Build.0 = Release|Any CPU
		{8FC664DF-CD9E-40C1-8901-B23212C461F1}.Debug|Any CPU.ActiveCfg = Debug|Any CPU
		{8FC664DF-CD9E-40C1-8901-B23212C461F1}.Debug|Any CPU.Build.0 = Debug|Any CPU
		{8FC664DF-CD9E-40C1-8901-B23212C461F1}.Release|Any CPU.ActiveCfg = Release|Any CPU
		{8FC664DF-CD9E-40C1-8901-B23212C461F1}.Release|Any CPU.Build.0 = Release|Any CPU
		{4358C380-3822-4BF0-BFB7-D2393DCEFECD}.Debug|Any CPU.ActiveCfg = Debug|Any CPU
		{4358C380-3822-4BF0-BFB7-D2393DCEFECD}.Debug|Any CPU.Build.0 = Debug|Any CPU
		{4358C380-3822-4BF0-BFB7-D2393DCEFECD}.Release|Any CPU.ActiveCfg = Release|Any CPU
		{4358C380-3822-4BF0-BFB7-D2393DCEFECD}.Release|Any CPU.Build.0 = Release|Any CPU
		{136367F1-CE67-4C09-87C5-E1E451762573}.Debug|Any CPU.ActiveCfg = Debug|Any CPU
		{136367F1-CE67-4C09-87C5-E1E451762573}.Debug|Any CPU.Build.0 = Debug|Any CPU
		{136367F1-CE67-4C09-87C5-E1E451762573}.Release|Any CPU.ActiveCfg = Release|Any CPU
		{136367F1-CE67-4C09-87C5-E1E451762573}.Release|Any CPU.Build.0 = Release|Any CPU
		{8D11CAA5-69E8-4C73-A473-40ABE6859C28}.Debug|Any CPU.ActiveCfg = Debug|Any CPU
		{8D11CAA5-69E8-4C73-A473-40ABE6859C28}.Debug|Any CPU.Build.0 = Debug|Any CPU
		{8D11CAA5-69E8-4C73-A473-40ABE6859C28}.Release|Any CPU.ActiveCfg = Release|Any CPU
		{8D11CAA5-69E8-4C73-A473-40ABE6859C28}.Release|Any CPU.Build.0 = Release|Any CPU
		{AAF5DD9E-2E73-4BED-99C4-D7A6A86CD83C}.Debug|Any CPU.ActiveCfg = Debug|Any CPU
		{AAF5DD9E-2E73-4BED-99C4-D7A6A86CD83C}.Debug|Any CPU.Build.0 = Debug|Any CPU
		{AAF5DD9E-2E73-4BED-99C4-D7A6A86CD83C}.Release|Any CPU.ActiveCfg = Release|Any CPU
		{AAF5DD9E-2E73-4BED-99C4-D7A6A86CD83C}.Release|Any CPU.Build.0 = Release|Any CPU
		{551BC3FC-EE27-4998-A26C-9FA5831E1DB9}.Debug|Any CPU.ActiveCfg = Debug|Any CPU
		{551BC3FC-EE27-4998-A26C-9FA5831E1DB9}.Debug|Any CPU.Build.0 = Debug|Any CPU
		{551BC3FC-EE27-4998-A26C-9FA5831E1DB9}.Release|Any CPU.ActiveCfg = Release|Any CPU
		{551BC3FC-EE27-4998-A26C-9FA5831E1DB9}.Release|Any CPU.Build.0 = Release|Any CPU
		{46D14B46-416A-458A-A7F3-5FEDE47FBBCD}.Debug|Any CPU.ActiveCfg = Debug|Any CPU
		{46D14B46-416A-458A-A7F3-5FEDE47FBBCD}.Debug|Any CPU.Build.0 = Debug|Any CPU
		{46D14B46-416A-458A-A7F3-5FEDE47FBBCD}.Release|Any CPU.ActiveCfg = Release|Any CPU
		{46D14B46-416A-458A-A7F3-5FEDE47FBBCD}.Release|Any CPU.Build.0 = Release|Any CPU
		{322E6090-A883-40EF-B689-92A512ADB98F}.Debug|Any CPU.ActiveCfg = Debug|Any CPU
		{322E6090-A883-40EF-B689-92A512ADB98F}.Debug|Any CPU.Build.0 = Debug|Any CPU
		{322E6090-A883-40EF-B689-92A512ADB98F}.Release|Any CPU.ActiveCfg = Release|Any CPU
		{322E6090-A883-40EF-B689-92A512ADB98F}.Release|Any CPU.Build.0 = Release|Any CPU
	EndGlobalSection
	GlobalSection(SolutionProperties) = preSolution
		HideSolutionNode = FALSE
	EndGlobalSection
	GlobalSection(NestedProjects) = preSolution
		{73C9BC01-BD8A-480F-B38A-8FA70933C36B} = {8F99FE71-F3E2-430A-BDFF-CF3A948AFD71}
		{580E416A-1ABC-4A63-8D30-79B5E202CE7F} = {8F99FE71-F3E2-430A-BDFF-CF3A948AFD71}
		{21327402-41EF-4BCB-A8F3-360C6B40555F} = {8F99FE71-F3E2-430A-BDFF-CF3A948AFD71}
		{8FC664DF-CD9E-40C1-8901-B23212C461F1} = {8F99FE71-F3E2-430A-BDFF-CF3A948AFD71}
		{4358C380-3822-4BF0-BFB7-D2393DCEFECD} = {8F99FE71-F3E2-430A-BDFF-CF3A948AFD71}
		{136367F1-CE67-4C09-87C5-E1E451762573} = {8F99FE71-F3E2-430A-BDFF-CF3A948AFD71}
		{8D11CAA5-69E8-4C73-A473-40ABE6859C28} = {8F99FE71-F3E2-430A-BDFF-CF3A948AFD71}
		{AAF5DD9E-2E73-4BED-99C4-D7A6A86CD83C} = {8F99FE71-F3E2-430A-BDFF-CF3A948AFD71}
		{551BC3FC-EE27-4998-A26C-9FA5831E1DB9} = {8F99FE71-F3E2-430A-BDFF-CF3A948AFD71}
		{46D14B46-416A-458A-A7F3-5FEDE47FBBCD} = {8F99FE71-F3E2-430A-BDFF-CF3A948AFD71}
		{322E6090-A883-40EF-B689-92A512ADB98F} = {8F99FE71-F3E2-430A-BDFF-CF3A948AFD71}
	EndGlobalSection
EndGlobal
